Microsoft Visual Studio Solution File, Format Version 12.00
# Visual Studio 2012
Project("{8BC9CEB8-8B4A-11D0-8D11-00A0C91BC942}") = "slog", "slog\slog.vcxproj", "{A87004B8-F76F-0AAB-E69A-881C1C4AB766}"
EndProject
Project("{8BC9CEB8-8B4A-11D0-8D11-00A0C91BC942}") = "tests_g", "tests_g\tests_g.vcxproj", "{B646299D-2D36-4212-B438-5F629FD0CDE2}"
EndProject
Project("{8BC9CEB8-8B4A-11D0-8D11-00A0C91BC942}") = "dbcon", "dbcon\dbcon.vcxproj", "{FD401B36-5575-43F5-B547-956FEDFA3C8B}"
EndProject
Project("{8BC9CEB8-8B4A-11D0-8D11-00A0C91BC942}") = "skyMonViewer", "skyMonViewer\skyMonViewer.vcxproj", "{D2BE07BC-A43E-4DB4-B76F-95D34A6E274A}"
EndProject
Project("{930C7802-8A8C-48F9-8165-68863BCCD9DD}") = "SCInstaller", "SCInstaller\SCInstaller.wixproj", "{13204412-8F37-48A5-9F40-54E3F7685B25}"
EndProject
Project("{8BC9CEB8-8B4A-11D0-8D11-00A0C91BC942}") = "installer_helper", "installer_helper\installer_helper.vcxproj", "{04638190-BDFB-4A49-849E-87B8D05FEC64}"
EndProject
Project("{2150E333-8FDC-42A3-9474-1A3956D46DE8}") = "Installer", "Installer", "{818D9D7A-9061-41C6-86B2-F5190917A9D7}"
EndProject
Project("{2150E333-8FDC-42A3-9474-1A3956D46DE8}") = "database", "database", "{2C8B93AC-77B1-4A2E-836C-B1922D69B11F}"
EndProject
Project("{2150E333-8FDC-42A3-9474-1A3956D46DE8}") = "service", "service", "{659E26E4-07F7-4A33-B5D1-EB83A925A315}"
EndProject
Project("{2150E333-8FDC-42A3-9474-1A3956D46DE8}") = "UI", "UI", "{94662495-2C6A-4D38-886C-DE089E6E421C}"
EndProject
Project("{2150E333-8FDC-42A3-9474-1A3956D46DE8}") = "tests", "tests", "{21DC1BCF-4C62-4BBA-B7B8-FFCA8CEA4ACF}"
EndProject
Project("{8BC9CEB8-8B4A-11D0-8D11-00A0C91BC942}") = "slogService", "slogService\slogService.vcxproj", "{DE70E2D1-6A4D-4984-BD82-CE750889F0D3}"
EndProject
Global
	GlobalSection(SolutionConfigurationPlatforms) = preSolution
		Debug|ia64 = Debug|ia64
		Debug|Mixed Platforms = Debug|Mixed Platforms
		Debug|Win32 = Debug|Win32
		Debug|x64 = Debug|x64
		Debug|x86 = Debug|x86
		DLL-Import Debug|ia64 = DLL-Import Debug|ia64
		DLL-Import Debug|Mixed Platforms = DLL-Import Debug|Mixed Platforms
		DLL-Import Debug|Win32 = DLL-Import Debug|Win32
		DLL-Import Debug|x64 = DLL-Import Debug|x64
		DLL-Import Debug|x86 = DLL-Import Debug|x86
		DLL-Import Release|ia64 = DLL-Import Release|ia64
		DLL-Import Release|Mixed Platforms = DLL-Import Release|Mixed Platforms
		DLL-Import Release|Win32 = DLL-Import Release|Win32
		DLL-Import Release|x64 = DLL-Import Release|x64
		DLL-Import Release|x86 = DLL-Import Release|x86
		Release|ia64 = Release|ia64
		Release|Mixed Platforms = Release|Mixed Platforms
		Release|Win32 = Release|Win32
		Release|x64 = Release|x64
		Release|x86 = Release|x86
		Template|ia64 = Template|ia64
		Template|Mixed Platforms = Template|Mixed Platforms
		Template|Win32 = Template|Win32
		Template|x64 = Template|x64
		Template|x86 = Template|x86
	EndGlobalSection
	GlobalSection(ProjectConfigurationPlatforms) = postSolution
		{A87004B8-F76F-0AAB-E69A-881C1C4AB766}.Debug|ia64.ActiveCfg = Debug|Win32
		{A87004B8-F76F-0AAB-E69A-881C1C4AB766}.Debug|Mixed Platforms.ActiveCfg = Debug|Win32
		{A87004B8-F76F-0AAB-E69A-881C1C4AB766}.Debug|Mixed Platforms.Build.0 = Debug|Win32
		{A87004B8-F76F-0AAB-E69A-881C1C4AB766}.Debug|Win32.ActiveCfg = Debug|Win32
		{A87004B8-F76F-0AAB-E69A-881C1C4AB766}.Debug|Win32.Build.0 = Debug|Win32
		{A87004B8-F76F-0AAB-E69A-881C1C4AB766}.Debug|x64.ActiveCfg = Debug|Win32
		{A87004B8-F76F-0AAB-E69A-881C1C4AB766}.Debug|x86.ActiveCfg = Debug|Win32
		{A87004B8-F76F-0AAB-E69A-881C1C4AB766}.DLL-Import Debug|ia64.ActiveCfg = Debug|x64
		{A87004B8-F76F-0AAB-E69A-881C1C4AB766}.DLL-Import Debug|Mixed Platforms.ActiveCfg = Debug|x64
		{A87004B8-F76F-0AAB-E69A-881C1C4AB766}.DLL-Import Debug|Mixed Platforms.Build.0 = Debug|x64
		{A87004B8-F76F-0AAB-E69A-881C1C4AB766}.DLL-Import Debug|Win32.ActiveCfg = Debug|Win32
		{A87004B8-F76F-0AAB-E69A-881C1C4AB766}.DLL-Import Debug|Win32.Build.0 = Debug|Win32
		{A87004B8-F76F-0AAB-E69A-881C1C4AB766}.DLL-Import Debug|x64.ActiveCfg = Debug|x64
		{A87004B8-F76F-0AAB-E69A-881C1C4AB766}.DLL-Import Debug|x64.Build.0 = Debug|x64
		{A87004B8-F76F-0AAB-E69A-881C1C4AB766}.DLL-Import Debug|x86.ActiveCfg = Debug|x64
		{A87004B8-F76F-0AAB-E69A-881C1C4AB766}.DLL-Import Release|ia64.ActiveCfg = Release|x64
		{A87004B8-F76F-0AAB-E69A-881C1C4AB766}.DLL-Import Release|Mixed Platforms.ActiveCfg = Release|x64
		{A87004B8-F76F-0AAB-E69A-881C1C4AB766}.DLL-Import Release|Mixed Platforms.Build.0 = Release|x64
		{A87004B8-F76F-0AAB-E69A-881C1C4AB766}.DLL-Import Release|Win32.ActiveCfg = Release|Win32
		{A87004B8-F76F-0AAB-E69A-881C1C4AB766}.DLL-Import Release|Win32.Build.0 = Release|Win32
		{A87004B8-F76F-0AAB-E69A-881C1C4AB766}.DLL-Import Release|x64.ActiveCfg = Release|x64
		{A87004B8-F76F-0AAB-E69A-881C1C4AB766}.DLL-Import Release|x64.Build.0 = Release|x64
		{A87004B8-F76F-0AAB-E69A-881C1C4AB766}.DLL-Import Release|x86.ActiveCfg = Release|x64
		{A87004B8-F76F-0AAB-E69A-881C1C4AB766}.Release|ia64.ActiveCfg = Release|Win32
		{A87004B8-F76F-0AAB-E69A-881C1C4AB766}.Release|Mixed Platforms.ActiveCfg = Release|Win32
		{A87004B8-F76F-0AAB-E69A-881C1C4AB766}.Release|Mixed Platforms.Build.0 = Release|Win32
		{A87004B8-F76F-0AAB-E69A-881C1C4AB766}.Release|Win32.ActiveCfg = Release|Win32
		{A87004B8-F76F-0AAB-E69A-881C1C4AB766}.Release|Win32.Build.0 = Release|Win32
		{A87004B8-F76F-0AAB-E69A-881C1C4AB766}.Release|x64.ActiveCfg = Release|x64
		{A87004B8-F76F-0AAB-E69A-881C1C4AB766}.Release|x86.ActiveCfg = Release|Win32
		{A87004B8-F76F-0AAB-E69A-881C1C4AB766}.Template|ia64.ActiveCfg = Release|Win32
		{A87004B8-F76F-0AAB-E69A-881C1C4AB766}.Template|Mixed Platforms.ActiveCfg = Release|Win32
		{A87004B8-F76F-0AAB-E69A-881C1C4AB766}.Template|Mixed Platforms.Build.0 = Release|Win32
		{A87004B8-F76F-0AAB-E69A-881C1C4AB766}.Template|Win32.ActiveCfg = Release|Win32
		{A87004B8-F76F-0AAB-E69A-881C1C4AB766}.Template|Win32.Build.0 = Release|Win32
		{A87004B8-F76F-0AAB-E69A-881C1C4AB766}.Template|x64.ActiveCfg = Debug|x64
		{A87004B8-F76F-0AAB-E69A-881C1C4AB766}.Template|x64.Build.0 = Debug|x64
		{A87004B8-F76F-0AAB-E69A-881C1C4AB766}.Template|x86.ActiveCfg = Release|Win32
		{A87004B8-F76F-0AAB-E69A-881C1C4AB766}.Template|x86.Build.0 = Release|Win32
		{B646299D-2D36-4212-B438-5F629FD0CDE2}.Debug|ia64.ActiveCfg = Debug|Win32
		{B646299D-2D36-4212-B438-5F629FD0CDE2}.Debug|Mixed Platforms.ActiveCfg = Debug|Win32
		{B646299D-2D36-4212-B438-5F629FD0CDE2}.Debug|Mixed Platforms.Build.0 = Debug|Win32
		{B646299D-2D36-4212-B438-5F629FD0CDE2}.Debug|Win32.ActiveCfg = Debug|Win32
		{B646299D-2D36-4212-B438-5F629FD0CDE2}.Debug|Win32.Build.0 = Debug|Win32
		{B646299D-2D36-4212-B438-5F629FD0CDE2}.Debug|x64.ActiveCfg = Debug|Win32
		{B646299D-2D36-4212-B438-5F629FD0CDE2}.Debug|x86.ActiveCfg = Debug|Win32
		{B646299D-2D36-4212-B438-5F629FD0CDE2}.DLL-Import Debug|ia64.ActiveCfg = Debug|Win32
		{B646299D-2D36-4212-B438-5F629FD0CDE2}.DLL-Import Debug|Mixed Platforms.ActiveCfg = Debug|Win32
		{B646299D-2D36-4212-B438-5F629FD0CDE2}.DLL-Import Debug|Mixed Platforms.Build.0 = Debug|Win32
		{B646299D-2D36-4212-B438-5F629FD0CDE2}.DLL-Import Debug|Win32.ActiveCfg = Debug|Win32
		{B646299D-2D36-4212-B438-5F629FD0CDE2}.DLL-Import Debug|Win32.Build.0 = Debug|Win32
		{B646299D-2D36-4212-B438-5F629FD0CDE2}.DLL-Import Debug|x64.ActiveCfg = Debug|Win32
		{B646299D-2D36-4212-B438-5F629FD0CDE2}.DLL-Import Debug|x86.ActiveCfg = Debug|Win32
		{B646299D-2D36-4212-B438-5F629FD0CDE2}.DLL-Import Release|ia64.ActiveCfg = Release|Win32
		{B646299D-2D36-4212-B438-5F629FD0CDE2}.DLL-Import Release|Mixed Platforms.ActiveCfg = Release|Win32
		{B646299D-2D36-4212-B438-5F629FD0CDE2}.DLL-Import Release|Mixed Platforms.Build.0 = Release|Win32
		{B646299D-2D36-4212-B438-5F629FD0CDE2}.DLL-Import Release|Win32.ActiveCfg = Release|Win32
		{B646299D-2D36-4212-B438-5F629FD0CDE2}.DLL-Import Release|Win32.Build.0 = Release|Win32
		{B646299D-2D36-4212-B438-5F629FD0CDE2}.DLL-Import Release|x64.ActiveCfg = Release|Win32
		{B646299D-2D36-4212-B438-5F629FD0CDE2}.DLL-Import Release|x86.ActiveCfg = Release|Win32
		{B646299D-2D36-4212-B438-5F629FD0CDE2}.Release|ia64.ActiveCfg = Release|Win32
		{B646299D-2D36-4212-B438-5F629FD0CDE2}.Release|Mixed Platforms.ActiveCfg = Release|Win32
		{B646299D-2D36-4212-B438-5F629FD0CDE2}.Release|Mixed Platforms.Build.0 = Release|Win32
		{B646299D-2D36-4212-B438-5F629FD0CDE2}.Release|Win32.ActiveCfg = Release|Win32
		{B646299D-2D36-4212-B438-5F629FD0CDE2}.Release|Win32.Build.0 = Release|Win32
		{B646299D-2D36-4212-B438-5F629FD0CDE2}.Release|x64.ActiveCfg = Release|x64
		{B646299D-2D36-4212-B438-5F629FD0CDE2}.Release|x86.ActiveCfg = Release|Win32
		{B646299D-2D36-4212-B438-5F629FD0CDE2}.Template|ia64.ActiveCfg = Release|Win32
		{B646299D-2D36-4212-B438-5F629FD0CDE2}.Template|Mixed Platforms.ActiveCfg = Release|Win32
		{B646299D-2D36-4212-B438-5F629FD0CDE2}.Template|Mixed Platforms.Build.0 = Release|Win32
		{B646299D-2D36-4212-B438-5F629FD0CDE2}.Template|Win32.ActiveCfg = Release|Win32
		{B646299D-2D36-4212-B438-5F629FD0CDE2}.Template|Win32.Build.0 = Release|Win32
		{B646299D-2D36-4212-B438-5F629FD0CDE2}.Template|x64.ActiveCfg = Release|Win32
		{B646299D-2D36-4212-B438-5F629FD0CDE2}.Template|x86.ActiveCfg = Release|Win32
		{B646299D-2D36-4212-B438-5F629FD0CDE2}.Template|x86.Build.0 = Release|Win32
		{FD401B36-5575-43F5-B547-956FEDFA3C8B}.Debug|ia64.ActiveCfg = Debug|Win32
		{FD401B36-5575-43F5-B547-956FEDFA3C8B}.Debug|Mixed Platforms.ActiveCfg = Debug|Win32
		{FD401B36-5575-43F5-B547-956FEDFA3C8B}.Debug|Mixed Platforms.Build.0 = Debug|Win32
		{FD401B36-5575-43F5-B547-956FEDFA3C8B}.Debug|Win32.ActiveCfg = Debug|Win32
		{FD401B36-5575-43F5-B547-956FEDFA3C8B}.Debug|Win32.Build.0 = Debug|Win32
		{FD401B36-5575-43F5-B547-956FEDFA3C8B}.Debug|x64.ActiveCfg = Debug|Win32
		{FD401B36-5575-43F5-B547-956FEDFA3C8B}.Debug|x86.ActiveCfg = Debug|Win32
		{FD401B36-5575-43F5-B547-956FEDFA3C8B}.DLL-Import Debug|ia64.ActiveCfg = Debug|x64
		{FD401B36-5575-43F5-B547-956FEDFA3C8B}.DLL-Import Debug|Mixed Platforms.ActiveCfg = Debug|x64
		{FD401B36-5575-43F5-B547-956FEDFA3C8B}.DLL-Import Debug|Mixed Platforms.Build.0 = Debug|x64
		{FD401B36-5575-43F5-B547-956FEDFA3C8B}.DLL-Import Debug|Win32.ActiveCfg = Debug|Win32
		{FD401B36-5575-43F5-B547-956FEDFA3C8B}.DLL-Import Debug|Win32.Build.0 = Debug|Win32
		{FD401B36-5575-43F5-B547-956FEDFA3C8B}.DLL-Import Debug|x64.ActiveCfg = Debug|x64
		{FD401B36-5575-43F5-B547-956FEDFA3C8B}.DLL-Import Debug|x64.Build.0 = Debug|x64
		{FD401B36-5575-43F5-B547-956FEDFA3C8B}.DLL-Import Debug|x86.ActiveCfg = Debug|x64
		{FD401B36-5575-43F5-B547-956FEDFA3C8B}.DLL-Import Release|ia64.ActiveCfg = Release|x64
		{FD401B36-5575-43F5-B547-956FEDFA3C8B}.DLL-Import Release|Mixed Platforms.ActiveCfg = Release|x64
		{FD401B36-5575-43F5-B547-956FEDFA3C8B}.DLL-Import Release|Mixed Platforms.Build.0 = Release|x64
		{FD401B36-5575-43F5-B547-956FEDFA3C8B}.DLL-Import Release|Win32.ActiveCfg = Release|Win32
		{FD401B36-5575-43F5-B547-956FEDFA3C8B}.DLL-Import Release|Win32.Build.0 = Release|Win32
		{FD401B36-5575-43F5-B547-956FEDFA3C8B}.DLL-Import Release|x64.ActiveCfg = Release|x64
		{FD401B36-5575-43F5-B547-956FEDFA3C8B}.DLL-Import Release|x64.Build.0 = Release|x64
		{FD401B36-5575-43F5-B547-956FEDFA3C8B}.DLL-Import Release|x86.ActiveCfg = Release|x64
		{FD401B36-5575-43F5-B547-956FEDFA3C8B}.Release|ia64.ActiveCfg = Release|Win32
		{FD401B36-5575-43F5-B547-956FEDFA3C8B}.Release|Mixed Platforms.ActiveCfg = Release|Win32
		{FD401B36-5575-43F5-B547-956FEDFA3C8B}.Release|Mixed Platforms.Build.0 = Release|Win32
		{FD401B36-5575-43F5-B547-956FEDFA3C8B}.Release|Win32.ActiveCfg = Release|Win32
		{FD401B36-5575-43F5-B547-956FEDFA3C8B}.Release|Win32.Build.0 = Release|Win32
		{FD401B36-5575-43F5-B547-956FEDFA3C8B}.Release|x64.ActiveCfg = Release|x64
		{FD401B36-5575-43F5-B547-956FEDFA3C8B}.Release|x86.ActiveCfg = Release|Win32
		{FD401B36-5575-43F5-B547-956FEDFA3C8B}.Template|ia64.ActiveCfg = Release|Win32
		{FD401B36-5575-43F5-B547-956FEDFA3C8B}.Template|Mixed Platforms.ActiveCfg = Release|Win32
		{FD401B36-5575-43F5-B547-956FEDFA3C8B}.Template|Mixed Platforms.Build.0 = Release|Win32
		{FD401B36-5575-43F5-B547-956FEDFA3C8B}.Template|Win32.ActiveCfg = Release|Win32
		{FD401B36-5575-43F5-B547-956FEDFA3C8B}.Template|Win32.Build.0 = Release|Win32
		{FD401B36-5575-43F5-B547-956FEDFA3C8B}.Template|x64.ActiveCfg = Debug|x64
		{FD401B36-5575-43F5-B547-956FEDFA3C8B}.Template|x64.Build.0 = Debug|x64
		{FD401B36-5575-43F5-B547-956FEDFA3C8B}.Template|x86.ActiveCfg = Release|Win32
		{FD401B36-5575-43F5-B547-956FEDFA3C8B}.Template|x86.Build.0 = Release|Win32
		{D2BE07BC-A43E-4DB4-B76F-95D34A6E274A}.Debug|ia64.ActiveCfg = Debug|Win32
		{D2BE07BC-A43E-4DB4-B76F-95D34A6E274A}.Debug|Mixed Platforms.ActiveCfg = Debug|Win32
		{D2BE07BC-A43E-4DB4-B76F-95D34A6E274A}.Debug|Mixed Platforms.Build.0 = Debug|Win32
		{D2BE07BC-A43E-4DB4-B76F-95D34A6E274A}.Debug|Win32.ActiveCfg = Debug|Win32
		{D2BE07BC-A43E-4DB4-B76F-95D34A6E274A}.Debug|Win32.Build.0 = Debug|Win32
		{D2BE07BC-A43E-4DB4-B76F-95D34A6E274A}.Debug|x64.ActiveCfg = Debug|Win32
		{D2BE07BC-A43E-4DB4-B76F-95D34A6E274A}.Debug|x86.ActiveCfg = Debug|Win32
		{D2BE07BC-A43E-4DB4-B76F-95D34A6E274A}.DLL-Import Debug|ia64.ActiveCfg = Debug|x64
		{D2BE07BC-A43E-4DB4-B76F-95D34A6E274A}.DLL-Import Debug|Mixed Platforms.ActiveCfg = Debug|x64
		{D2BE07BC-A43E-4DB4-B76F-95D34A6E274A}.DLL-Import Debug|Mixed Platforms.Build.0 = Debug|x64
		{D2BE07BC-A43E-4DB4-B76F-95D34A6E274A}.DLL-Import Debug|Win32.ActiveCfg = Debug|Win32
		{D2BE07BC-A43E-4DB4-B76F-95D34A6E274A}.DLL-Import Debug|Win32.Build.0 = Debug|Win32
		{D2BE07BC-A43E-4DB4-B76F-95D34A6E274A}.DLL-Import Debug|x64.ActiveCfg = Debug|x64
		{D2BE07BC-A43E-4DB4-B76F-95D34A6E274A}.DLL-Import Debug|x64.Build.0 = Debug|x64
		{D2BE07BC-A43E-4DB4-B76F-95D34A6E274A}.DLL-Import Debug|x86.ActiveCfg = Debug|x64
		{D2BE07BC-A43E-4DB4-B76F-95D34A6E274A}.DLL-Import Release|ia64.ActiveCfg = Release|x64
		{D2BE07BC-A43E-4DB4-B76F-95D34A6E274A}.DLL-Import Release|Mixed Platforms.ActiveCfg = Release|x64
		{D2BE07BC-A43E-4DB4-B76F-95D34A6E274A}.DLL-Import Release|Mixed Platforms.Build.0 = Release|x64
		{D2BE07BC-A43E-4DB4-B76F-95D34A6E274A}.DLL-Import Release|Win32.ActiveCfg = Release|Win32
		{D2BE07BC-A43E-4DB4-B76F-95D34A6E274A}.DLL-Import Release|Win32.Build.0 = Release|Win32
		{D2BE07BC-A43E-4DB4-B76F-95D34A6E274A}.DLL-Import Release|x64.ActiveCfg = Release|x64
		{D2BE07BC-A43E-4DB4-B76F-95D34A6E274A}.DLL-Import Release|x64.Build.0 = Release|x64
		{D2BE07BC-A43E-4DB4-B76F-95D34A6E274A}.DLL-Import Release|x86.ActiveCfg = Release|x64
		{D2BE07BC-A43E-4DB4-B76F-95D34A6E274A}.Release|ia64.ActiveCfg = Release|Win32
		{D2BE07BC-A43E-4DB4-B76F-95D34A6E274A}.Release|Mixed Platforms.ActiveCfg = Release|Win32
		{D2BE07BC-A43E-4DB4-B76F-95D34A6E274A}.Release|Mixed Platforms.Build.0 = Release|Win32
		{D2BE07BC-A43E-4DB4-B76F-95D34A6E274A}.Release|Win32.ActiveCfg = Release|Win32
		{D2BE07BC-A43E-4DB4-B76F-95D34A6E274A}.Release|Win32.Build.0 = Release|Win32
		{D2BE07BC-A43E-4DB4-B76F-95D34A6E274A}.Release|x64.ActiveCfg = Release|x64
		{D2BE07BC-A43E-4DB4-B76F-95D34A6E274A}.Release|x86.ActiveCfg = Release|Win32
		{D2BE07BC-A43E-4DB4-B76F-95D34A6E274A}.Template|ia64.ActiveCfg = Release|Win32
		{D2BE07BC-A43E-4DB4-B76F-95D34A6E274A}.Template|Mixed Platforms.ActiveCfg = Release|Win32
		{D2BE07BC-A43E-4DB4-B76F-95D34A6E274A}.Template|Mixed Platforms.Build.0 = Release|Win32
		{D2BE07BC-A43E-4DB4-B76F-95D34A6E274A}.Template|Win32.ActiveCfg = Release|Win32
		{D2BE07BC-A43E-4DB4-B76F-95D34A6E274A}.Template|Win32.Build.0 = Release|Win32
		{D2BE07BC-A43E-4DB4-B76F-95D34A6E274A}.Template|x64.ActiveCfg = Debug|x64
		{D2BE07BC-A43E-4DB4-B76F-95D34A6E274A}.Template|x64.Build.0 = Debug|x64
		{D2BE07BC-A43E-4DB4-B76F-95D34A6E274A}.Template|x86.ActiveCfg = Release|Win32
		{D2BE07BC-A43E-4DB4-B76F-95D34A6E274A}.Template|x86.Build.0 = Release|Win32
		{13204412-8F37-48A5-9F40-54E3F7685B25}.Debug|ia64.ActiveCfg = Debug|x86
		{13204412-8F37-48A5-9F40-54E3F7685B25}.Debug|Mixed Platforms.ActiveCfg = Debug|x86
		{13204412-8F37-48A5-9F40-54E3F7685B25}.Debug|Mixed Platforms.Build.0 = Debug|x86
		{13204412-8F37-48A5-9F40-54E3F7685B25}.Debug|Win32.ActiveCfg = Debug|x86
		{13204412-8F37-48A5-9F40-54E3F7685B25}.Debug|x64.ActiveCfg = Debug|x86
		{13204412-8F37-48A5-9F40-54E3F7685B25}.Debug|x86.ActiveCfg = Debug|x86
		{13204412-8F37-48A5-9F40-54E3F7685B25}.Debug|x86.Build.0 = Debug|x86
		{13204412-8F37-48A5-9F40-54E3F7685B25}.DLL-Import Debug|ia64.ActiveCfg = Debug|x86
		{13204412-8F37-48A5-9F40-54E3F7685B25}.DLL-Import Debug|Mixed Platforms.ActiveCfg = Debug|x86
		{13204412-8F37-48A5-9F40-54E3F7685B25}.DLL-Import Debug|Win32.ActiveCfg = Debug|x86
		{13204412-8F37-48A5-9F40-54E3F7685B25}.DLL-Import Debug|x64.ActiveCfg = Debug|x86
		{13204412-8F37-48A5-9F40-54E3F7685B25}.DLL-Import Debug|x86.ActiveCfg = Debug|x86
		{13204412-8F37-48A5-9F40-54E3F7685B25}.DLL-Import Release|ia64.ActiveCfg = Release|x86
		{13204412-8F37-48A5-9F40-54E3F7685B25}.DLL-Import Release|Mixed Platforms.ActiveCfg = Release|x86
		{13204412-8F37-48A5-9F40-54E3F7685B25}.DLL-Import Release|Win32.ActiveCfg = Release|x86
		{13204412-8F37-48A5-9F40-54E3F7685B25}.DLL-Import Release|x64.ActiveCfg = Release|x86
		{13204412-8F37-48A5-9F40-54E3F7685B25}.DLL-Import Release|x86.ActiveCfg = Release|x86
		{13204412-8F37-48A5-9F40-54E3F7685B25}.Release|ia64.ActiveCfg = Release|x86
		{13204412-8F37-48A5-9F40-54E3F7685B25}.Release|Mixed Platforms.ActiveCfg = Release|x86
		{13204412-8F37-48A5-9F40-54E3F7685B25}.Release|Mixed Platforms.Build.0 = Release|x86
		{13204412-8F37-48A5-9F40-54E3F7685B25}.Release|Win32.ActiveCfg = Release|x86
		{13204412-8F37-48A5-9F40-54E3F7685B25}.Release|Win32.Build.0 = Release|x86
		{13204412-8F37-48A5-9F40-54E3F7685B25}.Release|x64.ActiveCfg = Release|x86
		{13204412-8F37-48A5-9F40-54E3F7685B25}.Release|x86.ActiveCfg = Release|x86
		{13204412-8F37-48A5-9F40-54E3F7685B25}.Release|x86.Build.0 = Release|x86
		{13204412-8F37-48A5-9F40-54E3F7685B25}.Template|ia64.ActiveCfg = Release|x86
		{13204412-8F37-48A5-9F40-54E3F7685B25}.Template|Mixed Platforms.ActiveCfg = Release|x86
		{13204412-8F37-48A5-9F40-54E3F7685B25}.Template|Mixed Platforms.Build.0 = Release|x86
		{13204412-8F37-48A5-9F40-54E3F7685B25}.Template|Win32.ActiveCfg = Release|x86
		{13204412-8F37-48A5-9F40-54E3F7685B25}.Template|Win32.Build.0 = Release|x86
		{13204412-8F37-48A5-9F40-54E3F7685B25}.Template|x64.ActiveCfg = Release|x86
		{13204412-8F37-48A5-9F40-54E3F7685B25}.Template|x86.ActiveCfg = Release|x86
		{13204412-8F37-48A5-9F40-54E3F7685B25}.Template|x86.Build.0 = Release|x86
		{04638190-BDFB-4A49-849E-87B8D05FEC64}.Debug|ia64.ActiveCfg = Debug|Win32
		{04638190-BDFB-4A49-849E-87B8D05FEC64}.Debug|Mixed Platforms.ActiveCfg = Debug|Win32
		{04638190-BDFB-4A49-849E-87B8D05FEC64}.Debug|Mixed Platforms.Build.0 = Debug|Win32
		{04638190-BDFB-4A49-849E-87B8D05FEC64}.Debug|Win32.ActiveCfg = Debug|Win32
		{04638190-BDFB-4A49-849E-87B8D05FEC64}.Debug|Win32.Build.0 = Debug|Win32
		{04638190-BDFB-4A49-849E-87B8D05FEC64}.Debug|x64.ActiveCfg = Debug|Win32
		{04638190-BDFB-4A49-849E-87B8D05FEC64}.Debug|x86.ActiveCfg = Debug|Win32
		{04638190-BDFB-4A49-849E-87B8D05FEC64}.DLL-Import Debug|ia64.ActiveCfg = Debug|x64
		{04638190-BDFB-4A49-849E-87B8D05FEC64}.DLL-Import Debug|Mixed Platforms.ActiveCfg = Debug|x64
		{04638190-BDFB-4A49-849E-87B8D05FEC64}.DLL-Import Debug|Mixed Platforms.Build.0 = Debug|x64
		{04638190-BDFB-4A49-849E-87B8D05FEC64}.DLL-Import Debug|Win32.ActiveCfg = Debug|Win32
		{04638190-BDFB-4A49-849E-87B8D05FEC64}.DLL-Import Debug|Win32.Build.0 = Debug|Win32
		{04638190-BDFB-4A49-849E-87B8D05FEC64}.DLL-Import Debug|x64.ActiveCfg = Debug|x64
		{04638190-BDFB-4A49-849E-87B8D05FEC64}.DLL-Import Debug|x64.Build.0 = Debug|x64
		{04638190-BDFB-4A49-849E-87B8D05FEC64}.DLL-Import Debug|x86.ActiveCfg = Debug|x64
		{04638190-BDFB-4A49-849E-87B8D05FEC64}.DLL-Import Release|ia64.ActiveCfg = Release|x64
		{04638190-BDFB-4A49-849E-87B8D05FEC64}.DLL-Import Release|Mixed Platforms.ActiveCfg = Release|x64
		{04638190-BDFB-4A49-849E-87B8D05FEC64}.DLL-Import Release|Mixed Platforms.Build.0 = Release|x64
		{04638190-BDFB-4A49-849E-87B8D05FEC64}.DLL-Import Release|Win32.ActiveCfg = Release|Win32
		{04638190-BDFB-4A49-849E-87B8D05FEC64}.DLL-Import Release|Win32.Build.0 = Release|Win32
		{04638190-BDFB-4A49-849E-87B8D05FEC64}.DLL-Import Release|x64.ActiveCfg = Release|x64
		{04638190-BDFB-4A49-849E-87B8D05FEC64}.DLL-Import Release|x64.Build.0 = Release|x64
		{04638190-BDFB-4A49-849E-87B8D05FEC64}.DLL-Import Release|x86.ActiveCfg = Release|x64
		{04638190-BDFB-4A49-849E-87B8D05FEC64}.Release|ia64.ActiveCfg = Release|Win32
		{04638190-BDFB-4A49-849E-87B8D05FEC64}.Release|Mixed Platforms.ActiveCfg = Release|Win32
		{04638190-BDFB-4A49-849E-87B8D05FEC64}.Release|Mixed Platforms.Build.0 = Release|Win32
		{04638190-BDFB-4A49-849E-87B8D05FEC64}.Release|Win32.ActiveCfg = Release|Win32
		{04638190-BDFB-4A49-849E-87B8D05FEC64}.Release|Win32.Build.0 = Release|Win32
		{04638190-BDFB-4A49-849E-87B8D05FEC64}.Release|x64.ActiveCfg = Release|x64
		{04638190-BDFB-4A49-849E-87B8D05FEC64}.Release|x86.ActiveCfg = Release|Win32
		{04638190-BDFB-4A49-849E-87B8D05FEC64}.Template|ia64.ActiveCfg = Release|Win32
		{04638190-BDFB-4A49-849E-87B8D05FEC64}.Template|Mixed Platforms.ActiveCfg = Release|Win32
		{04638190-BDFB-4A49-849E-87B8D05FEC64}.Template|Mixed Platforms.Build.0 = Release|Win32
		{04638190-BDFB-4A49-849E-87B8D05FEC64}.Template|Win32.ActiveCfg = Release|Win32
		{04638190-BDFB-4A49-849E-87B8D05FEC64}.Template|Win32.Build.0 = Release|Win32
		{04638190-BDFB-4A49-849E-87B8D05FEC64}.Template|x64.ActiveCfg = Debug|x64
		{04638190-BDFB-4A49-849E-87B8D05FEC64}.Template|x64.Build.0 = Debug|x64
		{04638190-BDFB-4A49-849E-87B8D05FEC64}.Template|x86.ActiveCfg = Release|Win32
		{04638190-BDFB-4A49-849E-87B8D05FEC64}.Template|x86.Build.0 = Release|Win32
		{DE70E2D1-6A4D-4984-BD82-CE750889F0D3}.Debug|ia64.ActiveCfg = Debug|x64
		{DE70E2D1-6A4D-4984-BD82-CE750889F0D3}.Debug|Mixed Platforms.ActiveCfg = Debug|x64
		{DE70E2D1-6A4D-4984-BD82-CE750889F0D3}.Debug|Mixed Platforms.Build.0 = Debug|x64
		{DE70E2D1-6A4D-4984-BD82-CE750889F0D3}.Debug|Win32.ActiveCfg = Debug|Win32
		{DE70E2D1-6A4D-4984-BD82-CE750889F0D3}.Debug|Win32.Build.0 = Debug|Win32
		{DE70E2D1-6A4D-4984-BD82-CE750889F0D3}.Debug|x64.ActiveCfg = Debug|x64
		{DE70E2D1-6A4D-4984-BD82-CE750889F0D3}.Debug|x64.Build.0 = Debug|x64
		{DE70E2D1-6A4D-4984-BD82-CE750889F0D3}.Debug|x86.ActiveCfg = Debug|x64
		{DE70E2D1-6A4D-4984-BD82-CE750889F0D3}.DLL-Import Debug|ia64.ActiveCfg = Debug|x64
		{DE70E2D1-6A4D-4984-BD82-CE750889F0D3}.DLL-Import Debug|Mixed Platforms.ActiveCfg = Debug|x64
		{DE70E2D1-6A4D-4984-BD82-CE750889F0D3}.DLL-Import Debug|Mixed Platforms.Build.0 = Debug|x64
		{DE70E2D1-6A4D-4984-BD82-CE750889F0D3}.DLL-Import Debug|Win32.ActiveCfg = Debug|Win32
		{DE70E2D1-6A4D-4984-BD82-CE750889F0D3}.DLL-Import Debug|Win32.Build.0 = Debug|Win32
		{DE70E2D1-6A4D-4984-BD82-CE750889F0D3}.DLL-Import Debug|x64.ActiveCfg = Debug|x64
		{DE70E2D1-6A4D-4984-BD82-CE750889F0D3}.DLL-Import Debug|x64.Build.0 = Debug|x64
		{DE70E2D1-6A4D-4984-BD82-CE750889F0D3}.DLL-Import Debug|x86.ActiveCfg = Debug|x64
		{DE70E2D1-6A4D-4984-BD82-CE750889F0D3}.DLL-Import Release|ia64.ActiveCfg = Release|x64
		{DE70E2D1-6A4D-4984-BD82-CE750889F0D3}.DLL-Import Release|Mixed Platforms.ActiveCfg = Release|x64
		{DE70E2D1-6A4D-4984-BD82-CE750889F0D3}.DLL-Import Release|Mixed Platforms.Build.0 = Release|x64
		{DE70E2D1-6A4D-4984-BD82-CE750889F0D3}.DLL-Import Release|Win32.ActiveCfg = Release|Win32
		{DE70E2D1-6A4D-4984-BD82-CE750889F0D3}.DLL-Import Release|Win32.Build.0 = Release|Win32
		{DE70E2D1-6A4D-4984-BD82-CE750889F0D3}.DLL-Import Release|x64.ActiveCfg = Release|x64
		{DE70E2D1-6A4D-4984-BD82-CE750889F0D3}.DLL-Import Release|x64.Build.0 = Release|x64
		{DE70E2D1-6A4D-4984-BD82-CE750889F0D3}.DLL-Import Release|x86.ActiveCfg = Release|x64
		{DE70E2D1-6A4D-4984-BD82-CE750889F0D3}.Release|ia64.ActiveCfg = Release|x64
		{DE70E2D1-6A4D-4984-BD82-CE750889F0D3}.Release|Mixed Platforms.ActiveCfg = Release|x64
		{DE70E2D1-6A4D-4984-BD82-CE750889F0D3}.Release|Mixed Platforms.Build.0 = Release|x64
		{DE70E2D1-6A4D-4984-BD82-CE750889F0D3}.Release|Win32.ActiveCfg = Release|Win32
		{DE70E2D1-6A4D-4984-BD82-CE750889F0D3}.Release|Win32.Build.0 = Release|Win32
		{DE70E2D1-6A4D-4984-BD82-CE750889F0D3}.Release|x64.ActiveCfg = Release|x64
		{DE70E2D1-6A4D-4984-BD82-CE750889F0D3}.Release|x64.Build.0 = Release|x64
		{DE70E2D1-6A4D-4984-BD82-CE750889F0D3}.Release|x86.ActiveCfg = Release|x64
		{DE70E2D1-6A4D-4984-BD82-CE750889F0D3}.Template|ia64.ActiveCfg = Release|x64
		{DE70E2D1-6A4D-4984-BD82-CE750889F0D3}.Template|Mixed Platforms.ActiveCfg = Release|x64
		{DE70E2D1-6A4D-4984-BD82-CE750889F0D3}.Template|Mixed Platforms.Build.0 = Release|x64
		{DE70E2D1-6A4D-4984-BD82-CE750889F0D3}.Template|Win32.ActiveCfg = Release|x64
		{DE70E2D1-6A4D-4984-BD82-CE750889F0D3}.Template|x64.ActiveCfg = Release|x64
		{DE70E2D1-6A4D-4984-BD82-CE750889F0D3}.Template|x64.Build.0 = Release|x64
		{DE70E2D1-6A4D-4984-BD82-CE750889F0D3}.Template|x86.ActiveCfg = Release|x64
	EndGlobalSection
	GlobalSection(SolutionProperties) = preSolution
		HideSolutionNode = FALSE
	EndGlobalSection
	GlobalSection(NestedProjects) = preSolution
		{A87004B8-F76F-0AAB-E69A-881C1C4AB766} = {659E26E4-07F7-4A33-B5D1-EB83A925A315}
		{DE70E2D1-6A4D-4984-BD82-CE750889F0D3} = {659E26E4-07F7-4A33-B5D1-EB83A925A315}
		{B646299D-2D36-4212-B438-5F629FD0CDE2} = {21DC1BCF-4C62-4BBA-B7B8-FFCA8CEA4ACF}
		{FD401B36-5575-43F5-B547-956FEDFA3C8B} = {2C8B93AC-77B1-4A2E-836C-B1922D69B11F}
		{D2BE07BC-A43E-4DB4-B76F-95D34A6E274A} = {94662495-2C6A-4D38-886C-DE089E6E421C}
		{04638190-BDFB-4A49-849E-87B8D05FEC64} = {818D9D7A-9061-41C6-86B2-F5190917A9D7}
		{13204412-8F37-48A5-9F40-54E3F7685B25} = {818D9D7A-9061-41C6-86B2-F5190917A9D7}
	EndGlobalSection
EndGlobal
